// !$*UTF8*$!
{
	archiveVersion = 1;
	classes = {
	};
	objectVersion = 46;
	objects = {

/* Begin PBXBuildFile section */
		4934CC101C1C1EC30006298D /* ODBTrainNumberTableViewCell.m in Sources */ = {isa = PBXBuildFile; fileRef = 4934CC0F1C1C1EC30006298D /* ODBTrainNumberTableViewCell.m */; };
		4934CC131C1C26D20006298D /* ODBBetInputViewController.m in Sources */ = {isa = PBXBuildFile; fileRef = 4934CC121C1C26D20006298D /* ODBBetInputViewController.m */; };
		4934CC161C1C37430006298D /* ODBRunningGameViewController.m in Sources */ = {isa = PBXBuildFile; fileRef = 4934CC151C1C37430006298D /* ODBRunningGameViewController.m */; };
		4934CC191C1C3C580006298D /* ODBSpinnerViewController.m in Sources */ = {isa = PBXBuildFile; fileRef = 4934CC181C1C3C580006298D /* ODBSpinnerViewController.m */; };
		4934CC1C1C1C3DA00006298D /* ODBFinalViewController.m in Sources */ = {isa = PBXBuildFile; fileRef = 4934CC1B1C1C3DA00006298D /* ODBFinalViewController.m */; };
		4934CC1E1C1C51620006298D /* Media.xcassets in Resources */ = {isa = PBXBuildFile; fileRef = 4934CC1D1C1C51620006298D /* Media.xcassets */; };
		4934CC201C1C51830006298D /* laMedia.xcassets in Resources */ = {isa = PBXBuildFile; fileRef = 4934CC1F1C1C51830006298D /* laMedia.xcassets */; };
		49C899EE1C1BAC950009445D /* main.m in Sources */ = {isa = PBXBuildFile; fileRef = 49C899ED1C1BAC950009445D /* main.m */; };
		49C899F11C1BAC950009445D /* AppDelegate.m in Sources */ = {isa = PBXBuildFile; fileRef = 49C899F01C1BAC950009445D /* AppDelegate.m */; };
		49C899F41C1BAC950009445D /* ODBTrainNumberViewController.m in Sources */ = {isa = PBXBuildFile; fileRef = 49C899F31C1BAC950009445D /* ODBTrainNumberViewController.m */; };
		49C899F71C1BAC950009445D /* Main.storyboard in Resources */ = {isa = PBXBuildFile; fileRef = 49C899F51C1BAC950009445D /* Main.storyboard */; };
		49C899FA1C1BAC950009445D /* GamDBit.xcdatamodeld in Sources */ = {isa = PBXBuildFile; fileRef = 49C899F81C1BAC950009445D /* GamDBit.xcdatamodeld */; };
		49C899FC1C1BAC950009445D /* Assets.xcassets in Resources */ = {isa = PBXBuildFile; fileRef = 49C899FB1C1BAC950009445D /* Assets.xcassets */; };
		49C899FF1C1BAC950009445D /* LaunchScreen.storyboard in Resources */ = {isa = PBXBuildFile; fileRef = 49C899FD1C1BAC950009445D /* LaunchScreen.storyboard */; };
/* End PBXBuildFile section */

/* Begin PBXFileReference section */
		4934CC0E1C1C1EC30006298D /* ODBTrainNumberTableViewCell.h */ = {isa = PBXFileReference; fileEncoding = 4; lastKnownFileType = sourcecode.c.h; path = ODBTrainNumberTableViewCell.h; sourceTree = "<group>"; };
		4934CC0F1C1C1EC30006298D /* ODBTrainNumberTableViewCell.m */ = {isa = PBXFileReference; fileEncoding = 4; lastKnownFileType = sourcecode.c.objc; path = ODBTrainNumberTableViewCell.m; sourceTree = "<group>"; };
		4934CC111C1C26D20006298D /* ODBBetInputViewController.h */ = {isa = PBXFileReference; fileEncoding = 4; lastKnownFileType = sourcecode.c.h; path = ODBBetInputViewController.h; sourceTree = "<group>"; };
		4934CC121C1C26D20006298D /* ODBBetInputViewController.m */ = {isa = PBXFileReference; fileEncoding = 4; lastKnownFileType = sourcecode.c.objc; path = ODBBetInputViewController.m; sourceTree = "<group>"; };
		4934CC141C1C37430006298D /* ODBRunningGameViewController.h */ = {isa = PBXFileReference; fileEncoding = 4; lastKnownFileType = sourcecode.c.h; path = ODBRunningGameViewController.h; sourceTree = "<group>"; };
		4934CC151C1C37430006298D /* ODBRunningGameViewController.m */ = {isa = PBXFileReference; fileEncoding = 4; lastKnownFileType = sourcecode.c.objc; path = ODBRunningGameViewController.m; sourceTree = "<group>"; };
		4934CC171C1C3C580006298D /* ODBSpinnerViewController.h */ = {isa = PBXFileReference; fileEncoding = 4; lastKnownFileType = sourcecode.c.h; path = ODBSpinnerViewController.h; sourceTree = "<group>"; };
		4934CC181C1C3C580006298D /* ODBSpinnerViewController.m */ = {isa = PBXFileReference; fileEncoding = 4; lastKnownFileType = sourcecode.c.objc; path = ODBSpinnerViewController.m; sourceTree = "<group>"; };
		4934CC1A1C1C3DA00006298D /* ODBFinalViewController.h */ = {isa = PBXFileReference; fileEncoding = 4; lastKnownFileType = sourcecode.c.h; path = ODBFinalViewController.h; sourceTree = "<group>"; };
		4934CC1B1C1C3DA00006298D /* ODBFinalViewController.m */ = {isa = PBXFileReference; fileEncoding = 4; lastKnownFileType = sourcecode.c.objc; path = ODBFinalViewController.m; sourceTree = "<group>"; };
		4934CC1D1C1C51620006298D /* Media.xcassets */ = {isa = PBXFileReference; lastKnownFileType = folder.assetcatalog; path = Media.xcassets; sourceTree = "<group>"; };
		4934CC1F1C1C51830006298D /* laMedia.xcassets */ = {isa = PBXFileReference; lastKnownFileType = folder.assetcatalog; path = laMedia.xcassets; sourceTree = "<group>"; };
		49C899E91C1BAC950009445D /* GamDBit.app */ = {isa = PBXFileReference; explicitFileType = wrapper.application; includeInIndex = 0; path = GamDBit.app; sourceTree = BUILT_PRODUCTS_DIR; };
		49C899ED1C1BAC950009445D /* main.m */ = {isa = PBXFileReference; lastKnownFileType = sourcecode.c.objc; path = main.m; sourceTree = "<group>"; };
		49C899EF1C1BAC950009445D /* AppDelegate.h */ = {isa = PBXFileReference; lastKnownFileType = sourcecode.c.h; path = AppDelegate.h; sourceTree = "<group>"; };
		49C899F01C1BAC950009445D /* AppDelegate.m */ = {isa = PBXFileReference; lastKnownFileType = sourcecode.c.objc; path = AppDelegate.m; sourceTree = "<group>"; };
		49C899F21C1BAC950009445D /* ODBTrainNumberViewController.h */ = {isa = PBXFileReference; lastKnownFileType = sourcecode.c.h; path = ODBTrainNumberViewController.h; sourceTree = "<group>"; };
		49C899F31C1BAC950009445D /* ODBTrainNumberViewController.m */ = {isa = PBXFileReference; lastKnownFileType = sourcecode.c.objc; path = ODBTrainNumberViewController.m; sourceTree = "<group>"; };
		49C899F61C1BAC950009445D /* Base */ = {isa = PBXFileReference; lastKnownFileType = file.storyboard; name = Base; path = Base.lproj/Main.storyboard; sourceTree = "<group>"; };
		49C899F91C1BAC950009445D /* GamDBit.xcdatamodel */ = {isa = PBXFileReference; lastKnownFileType = wrapper.xcdatamodel; path = GamDBit.xcdatamodel; sourceTree = "<group>"; };
		49C899FB1C1BAC950009445D /* Assets.xcassets */ = {isa = PBXFileReference; lastKnownFileType = folder.assetcatalog; path = Assets.xcassets; sourceTree = "<group>"; };
		49C899FE1C1BAC950009445D /* Base */ = {isa = PBXFileReference; lastKnownFileType = file.storyboard; name = Base; path = Base.lproj/LaunchScreen.storyboard; sourceTree = "<group>"; };
		49C89A001C1BAC950009445D /* Info.plist */ = {isa = PBXFileReference; lastKnownFileType = text.plist.xml; path = Info.plist; sourceTree = "<group>"; };
/* End PBXFileReference section */

/* Begin PBXFrameworksBuildPhase section */
		49C899E61C1BAC950009445D /* Frameworks */ = {
			isa = PBXFrameworksBuildPhase;
			buildActionMask = 2147483647;
			files = (
			);
			runOnlyForDeploymentPostprocessing = 0;
		};
/* End PBXFrameworksBuildPhase section */

/* Begin PBXGroup section */
		49C899E01C1BAC950009445D = {
			isa = PBXGroup;
			children = (
				49C899EB1C1BAC950009445D /* GamDBit */,
				49C899EA1C1BAC950009445D /* Products */,
			);
			sourceTree = "<group>";
		};
		49C899EA1C1BAC950009445D /* Products */ = {
			isa = PBXGroup;
			children = (
				49C899E91C1BAC950009445D /* GamDBit.app */,
			);
			name = Products;
			sourceTree = "<group>";
		};
		49C899EB1C1BAC950009445D /* GamDBit */ = {
			isa = PBXGroup;
			children = (
				4934CC1F1C1C51830006298D /* laMedia.xcassets */,
				4934CC1D1C1C51620006298D /* Media.xcassets */,
				49C899EF1C1BAC950009445D /* AppDelegate.h */,
				49C899F01C1BAC950009445D /* AppDelegate.m */,
				4934CC111C1C26D20006298D /* ODBBetInputViewController.h */,
				4934CC121C1C26D20006298D /* ODBBetInputViewController.m */,
				4934CC141C1C37430006298D /* ODBRunningGameViewController.h */,
				4934CC151C1C37430006298D /* ODBRunningGameViewController.m */,
				49C899F21C1BAC950009445D /* ODBTrainNumberViewController.h */,
				49C899F31C1BAC950009445D /* ODBTrainNumberViewController.m */,
				4934CC0E1C1C1EC30006298D /* ODBTrainNumberTableViewCell.h */,
				4934CC0F1C1C1EC30006298D /* ODBTrainNumberTableViewCell.m */,
				49C899F51C1BAC950009445D /* Main.storyboard */,
				49C899FB1C1BAC950009445D /* Assets.xcassets */,
				49C899FD1C1BAC950009445D /* LaunchScreen.storyboard */,
				49C89A001C1BAC950009445D /* Info.plist */,
				49C899F81C1BAC950009445D /* GamDBit.xcdatamodeld */,
				49C899EC1C1BAC950009445D /* Supporting Files */,
				4934CC171C1C3C580006298D /* ODBSpinnerViewController.h */,
				4934CC181C1C3C580006298D /* ODBSpinnerViewController.m */,
				4934CC1A1C1C3DA00006298D /* ODBFinalViewController.h */,
				4934CC1B1C1C3DA00006298D /* ODBFinalViewController.m */,
			);
			path = GamDBit;
			sourceTree = "<group>";
		};
		49C899EC1C1BAC950009445D /* Supporting Files */ = {
			isa = PBXGroup;
			children = (
				49C899ED1C1BAC950009445D /* main.m */,
			);
			name = "Supporting Files";
			sourceTree = "<group>";
		};
/* End PBXGroup section */

/* Begin PBXNativeTarget section */
		49C899E81C1BAC950009445D /* GamDBit */ = {
			isa = PBXNativeTarget;
			buildConfigurationList = 49C89A031C1BAC950009445D /* Build configuration list for PBXNativeTarget "GamDBit" */;
			buildPhases = (
				49C899E51C1BAC950009445D /* Sources */,
				49C899E61C1BAC950009445D /* Frameworks */,
				49C899E71C1BAC950009445D /* Resources */,
			);
			buildRules = (
			);
			dependencies = (
			);
			name = GamDBit;
			productName = GamDBit;
			productReference = 49C899E91C1BAC950009445D /* GamDBit.app */;
			productType = "com.apple.product-type.application";
		};
/* End PBXNativeTarget section */

/* Begin PBXProject section */
		49C899E11C1BAC950009445D /* Project object */ = {
			isa = PBXProject;
			attributes = {
				LastUpgradeCheck = 0710;
				ORGANIZATIONNAME = "Andreas Buff";
				TargetAttributes = {
					49C899E81C1BAC950009445D = {
						CreatedOnToolsVersion = 7.1.1;
					};
				};
			};
			buildConfigurationList = 49C899E41C1BAC950009445D /* Build configuration list for PBXProject "GamDBit" */;
			compatibilityVersion = "Xcode 3.2";
			developmentRegion = English;
			hasScannedForEncodings = 0;
			knownRegions = (
				en,
				Base,
			);
			mainGroup = 49C899E01C1BAC950009445D;
			productRefGroup = 49C899EA1C1BAC950009445D /* Products */;
			projectDirPath = "";
			projectRoot = "";
			targets = (
				49C899E81C1BAC950009445D /* GamDBit */,
			);
		};
/* End PBXProject section */

/* Begin PBXResourcesBuildPhase section */
		49C899E71C1BAC950009445D /* Resources */ = {
			isa = PBXResourcesBuildPhase;
			buildActionMask = 2147483647;
			files = (
				4934CC201C1C51830006298D /* laMedia.xcassets in Resources */,
				49C899FF1C1BAC950009445D /* LaunchScreen.storyboard in Resources */,
				49C899FC1C1BAC950009445D /* Assets.xcassets in Resources */,
				4934CC1E1C1C51620006298D /* Media.xcassets in Resources */,
				49C899F71C1BAC950009445D /* Main.storyboard in Resources */,
			);
			runOnlyForDeploymentPostprocessing = 0;
		};
/* End PBXResourcesBuildPhase section */

/* Begin PBXSourcesBuildPhase section */
		49C899E51C1BAC950009445D /* Sources */ = {
			isa = PBXSourcesBuildPhase;
			buildActionMask = 2147483647;
			files = (
				4934CC191C1C3C580006298D /* ODBSpinnerViewController.m in Sources */,
				49C899FA1C1BAC950009445D /* GamDBit.xcdatamodeld in Sources */,
				4934CC1C1C1C3DA00006298D /* ODBFinalViewController.m in Sources */,
				49C899F41C1BAC950009445D /* ODBTrainNumberViewController.m in Sources */,
				4934CC101C1C1EC30006298D /* ODBTrainNumberTableViewCell.m in Sources */,
				49C899F11C1BAC950009445D /* AppDelegate.m in Sources */,
				4934CC161C1C37430006298D /* ODBRunningGameViewController.m in Sources */,
				49C899EE1C1BAC950009445D /* main.m in Sources */,
				4934CC131C1C26D20006298D /* ODBBetInputViewController.m in Sources */,
			);
			runOnlyForDeploymentPostprocessing = 0;
		};
/* End PBXSourcesBuildPhase section */

/* Begin PBXVariantGroup section */
		49C899F51C1BAC950009445D /* Main.storyboard */ = {
			isa = PBXVariantGroup;
			children = (
				49C899F61C1BAC950009445D /* Base */,
			);
			name = Main.storyboard;
			sourceTree = "<group>";
		};
		49C899FD1C1BAC950009445D /* LaunchScreen.storyboard */ = {
			isa = PBXVariantGroup;
			children = (
				49C899FE1C1BAC950009445D /* Base */,
			);
			name = LaunchScreen.storyboard;
			sourceTree = "<group>";
		};
/* End PBXVariantGroup section */

/* Begin XCBuildConfiguration section */
		49C89A011C1BAC950009445D /* Debug */ = {
			isa = XCBuildConfiguration;
			buildSettings = {
				ALWAYS_SEARCH_USER_PATHS = NO;
				CLANG_CXX_LANGUAGE_STANDARD = "gnu++0x";
				CLANG_CXX_LIBRARY = "libc++";
				CLANG_ENABLE_MODULES = YES;
				CLANG_ENABLE_OBJC_ARC = YES;
				CLANG_WARN_BOOL_CONVERSION = YES;
				CLANG_WARN_CONSTANT_CONVERSION = YES;
				CLANG_WARN_DIRECT_OBJC_ISA_USAGE = YES_ERROR;
				CLANG_WARN_EMPTY_BODY = YES;
				CLANG_WARN_ENUM_CONVERSION = YES;
				CLANG_WARN_INT_CONVERSION = YES;
				CLANG_WARN_OBJC_ROOT_CLASS = YES_ERROR;
				CLANG_WARN_UNREACHABLE_CODE = YES;
				CLANG_WARN__DUPLICATE_METHOD_MATCH = YES;
				"CODE_SIGN_IDENTITY[sdk=iphoneos*]" = "iPhone Developer";
				COPY_PHASE_STRIP = NO;
				DEBUG_INFORMATION_FORMAT = dwarf;
				ENABLE_STRICT_OBJC_MSGSEND = YES;
				ENABLE_TESTABILITY = YES;
				GCC_C_LANGUAGE_STANDARD = gnu99;
				GCC_DYNAMIC_NO_PIC = NO;
				GCC_NO_COMMON_BLOCKS = YES;
				GCC_OPTIMIZATION_LEVEL = 0;
				GCC_PREPROCESSOR_DEFINITIONS = (
					"DEBUG=1",
					"$(inherited)",
				);
				GCC_WARN_64_TO_32_BIT_CONVERSION = YES;
				GCC_WARN_ABOUT_RETURN_TYPE = YES_ERROR;
				GCC_WARN_UNDECLARED_SELECTOR = YES;
				GCC_WARN_UNINITIALIZED_AUTOS = YES_AGGRESSIVE;
				GCC_WARN_UNUSED_FUNCTION = YES;
				GCC_WARN_UNUSED_VARIABLE = YES;
				IPHONEOS_DEPLOYMENT_TARGET = 9.1;
				MTL_ENABLE_DEBUG_INFO = YES;
				ONLY_ACTIVE_ARCH = YES;
				SDKROOT = iphoneos;
			};
			name = Debug;
		};
		49C89A021C1BAC950009445D /* Release */ = {
			isa = XCBuildConfiguration;
			buildSettings = {
				ALWAYS_SEARCH_USER_PATHS = NO;
				CLANG_CXX_LANGUAGE_STANDARD = "gnu++0x";
				CLANG_CXX_LIBRARY = "libc++";
				CLANG_ENABLE_MODULES = YES;
				CLANG_ENABLE_OBJC_ARC = YES;
				CLANG_WARN_BOOL_CONVERSION = YES;
				CLANG_WARN_CONSTANT_CONVERSION = YES;
				CLANG_WARN_DIRECT_OBJC_ISA_USAGE = YES_ERROR;
				CLANG_WARN_EMPTY_BODY = YES;
				CLANG_WARN_ENUM_CONVERSION = YES;
				CLANG_WARN_INT_CONVERSION = YES;
				CLANG_WARN_OBJC_ROOT_CLASS = YES_ERROR;
				CLANG_WARN_UNREACHABLE_CODE = YES;
				CLANG_WARN__DUPLICATE_METHOD_MATCH = YES;
				"CODE_SIGN_IDENTITY[sdk=iphoneos*]" = "iPhone Developer";
				COPY_PHASE_STRIP = NO;
				DEBUG_INFORMATION_FORMAT = "dwarf-with-dsym";
				ENABLE_NS_ASSERTIONS = NO;
				ENABLE_STRICT_OBJC_MSGSEND = YES;
				GCC_C_LANGUAGE_STANDARD = gnu99;
				GCC_NO_COMMON_BLOCKS = YES;
				GCC_WARN_64_TO_32_BIT_CONVERSION = YES;
				GCC_WARN_ABOUT_RETURN_TYPE = YES_ERROR;
				GCC_WARN_UNDECLARED_SELECTOR = YES;
				GCC_WARN_UNINITIALIZED_AUTOS = YES_AGGRESSIVE;
				GCC_WARN_UNUSED_FUNCTION = YES;
				GCC_WARN_UNUSED_VARIABLE = YES;
				IPHONEOS_DEPLOYMENT_TARGET = 9.1;
				MTL_ENABLE_DEBUG_INFO = NO;
				SDKROOT = iphoneos;
				VALIDATE_PRODUCT = YES;
			};
			name = Release;
		};
		49C89A041C1BAC950009445D /* Debug */ = {
			isa = XCBuildConfiguration;
			buildSettings = {
				ASSETCATALOG_COMPILER_APPICON_NAME = AppIcon;
				INFOPLIST_FILE = GamDBit/Info.plist;
				LD_RUNPATH_SEARCH_PATHS = "$(inherited) @executable_path/Frameworks";
				PRODUCT_BUNDLE_IDENTIFIER = de.buffhaltestelle.GamDBit;
				PRODUCT_NAME = "$(TARGET_NAME)";
			};
			name = Debug;
		};
		49C89A051C1BAC950009445D /* Release */ = {
			isa = XCBuildConfiguration;
			buildSettings = {
				ASSETCATALOG_COMPILER_APPICON_NAME = AppIcon;
				INFOPLIST_FILE = GamDBit/Info.plist;
				LD_RUNPATH_SEARCH_PATHS = "$(inherited) @executable_path/Frameworks";
				PRODUCT_BUNDLE_IDENTIFIER = de.buffhaltestelle.GamDBit;
				PRODUCT_NAME = "$(TARGET_NAME)";
			};
			name = Release;
		};
/* End XCBuildConfiguration section */

/* Begin XCConfigurationList section */
		49C899E41C1BAC950009445D /* Build configuration list for PBXProject "GamDBit" */ = {
			isa = XCConfigurationList;
			buildConfigurations = (
				49C89A011C1BAC950009445D /* Debug */,
				49C89A021C1BAC950009445D /* Release */,
			);
			defaultConfigurationIsVisible = 0;
			defaultConfigurationName = Release;
		};
		49C89A031C1BAC950009445D /* Build configuration list for PBXNativeTarget "GamDBit" */ = {
			isa = XCConfigurationList;
			buildConfigurations = (
				49C89A041C1BAC950009445D /* Debug */,
				49C89A051C1BAC950009445D /* Release */,
			);
			defaultConfigurationIsVisible = 0;
			defaultConfigurationName = Release;
		};
/* End XCConfigurationList section */

/* Begin XCVersionGroup section */
		49C899F81C1BAC950009445D /* GamDBit.xcdatamodeld */ = {
			isa = XCVersionGroup;
			children = (
				49C899F91C1BAC950009445D /* GamDBit.xcdatamodel */,
			);
			currentVersion = 49C899F91C1BAC950009445D /* GamDBit.xcdatamodel */;
			path = GamDBit.xcdatamodeld;
			sourceTree = "<group>";
			versionGroupType = wrapper.xcdatamodel;
		};
/* End XCVersionGroup section */
	};
	rootObject = 49C899E11C1BAC950009445D /* Project object */;
}
